// !$*UTF8*$!
{
	archiveVersion = 1;
	classes = {
	};
	objectVersion = 46;
	objects = {

/* Begin PBXBuildFile section */
		A64BE66B18CBBB2E008414C8 /* Foundation.framework in Frameworks */ = {isa = PBXBuildFile; fileRef = A64BE66A18CBBB2E008414C8 /* Foundation.framework */; };
		A64BE66D18CBBB2E008414C8 /* CoreGraphics.framework in Frameworks */ = {isa = PBXBuildFile; fileRef = A64BE66C18CBBB2E008414C8 /* CoreGraphics.framework */; };
		A64BE66F18CBBB2E008414C8 /* UIKit.framework in Frameworks */ = {isa = PBXBuildFile; fileRef = A64BE66E18CBBB2E008414C8 /* UIKit.framework */; };
		A64BE67518CBBB2E008414C8 /* InfoPlist.strings in Resources */ = {isa = PBXBuildFile; fileRef = A64BE67318CBBB2E008414C8 /* InfoPlist.strings */; };
		A64BE67718CBBB2E008414C8 /* main.m in Sources */ = {isa = PBXBuildFile; fileRef = A64BE67618CBBB2E008414C8 /* main.m */; };
		A64BE67E18CBBB2E008414C8 /* Main.storyboard in Resources */ = {isa = PBXBuildFile; fileRef = A64BE67C18CBBB2E008414C8 /* Main.storyboard */; };
		A64BE68118CBBB2E008414C8 /* CardGameViewController.m in Sources */ = {isa = PBXBuildFile; fileRef = A64BE68018CBBB2E008414C8 /* CardGameViewController.m */; };
		A64BE68318CBBB2E008414C8 /* Images.xcassets in Resources */ = {isa = PBXBuildFile; fileRef = A64BE68218CBBB2E008414C8 /* Images.xcassets */; };
		A64BE68A18CBBB2E008414C8 /* XCTest.framework in Frameworks */ = {isa = PBXBuildFile; fileRef = A64BE68918CBBB2E008414C8 /* XCTest.framework */; };
		A64BE68B18CBBB2E008414C8 /* Foundation.framework in Frameworks */ = {isa = PBXBuildFile; fileRef = A64BE66A18CBBB2E008414C8 /* Foundation.framework */; };
		A64BE68C18CBBB2E008414C8 /* UIKit.framework in Frameworks */ = {isa = PBXBuildFile; fileRef = A64BE66E18CBBB2E008414C8 /* UIKit.framework */; };
		A64BE69418CBBB2E008414C8 /* InfoPlist.strings in Resources */ = {isa = PBXBuildFile; fileRef = A64BE69218CBBB2E008414C8 /* InfoPlist.strings */; };
		A64BE69618CBBB2E008414C8 /* MatchismoTests.m in Sources */ = {isa = PBXBuildFile; fileRef = A64BE69518CBBB2E008414C8 /* MatchismoTests.m */; };
		A64BE6A418CC0224008414C8 /* Deck.m in Sources */ = {isa = PBXBuildFile; fileRef = A64BE6A318CC0224008414C8 /* Deck.m */; };
		A64BE6A718CC02FF008414C8 /* PlayingCardDeck.m in Sources */ = {isa = PBXBuildFile; fileRef = A64BE6A618CC02FF008414C8 /* PlayingCardDeck.m */; };
		A64BE6AA18CC0341008414C8 /* Card.m in Sources */ = {isa = PBXBuildFile; fileRef = A64BE6A918CC0341008414C8 /* Card.m */; };
		A64BE6AF18CC0B4F008414C8 /* PlayingCard.m in Sources */ = {isa = PBXBuildFile; fileRef = A64BE6AE18CC0B4F008414C8 /* PlayingCard.m */; };
/* End PBXBuildFile section */

/* Begin PBXContainerItemProxy section */
		A64BE68D18CBBB2E008414C8 /* PBXContainerItemProxy */ = {
			isa = PBXContainerItemProxy;
			containerPortal = A64BE65F18CBBB2E008414C8 /* Project object */;
			proxyType = 1;
			remoteGlobalIDString = A64BE66618CBBB2E008414C8;
			remoteInfo = Matchismo;
		};
/* End PBXContainerItemProxy section */

/* Begin PBXFileReference section */
		A64BE66718CBBB2E008414C8 /* Matchismo.app */ = {isa = PBXFileReference; explicitFileType = wrapper.application; includeInIndex = 0; path = Matchismo.app; sourceTree = BUILT_PRODUCTS_DIR; };
		A64BE66A18CBBB2E008414C8 /* Foundation.framework */ = {isa = PBXFileReference; lastKnownFileType = wrapper.framework; name = Foundation.framework; path = System/Library/Frameworks/Foundation.framework; sourceTree = SDKROOT; };
		A64BE66C18CBBB2E008414C8 /* CoreGraphics.framework */ = {isa = PBXFileReference; lastKnownFileType = wrapper.framework; name = CoreGraphics.framework; path = System/Library/Frameworks/CoreGraphics.framework; sourceTree = SDKROOT; };
		A64BE66E18CBBB2E008414C8 /* UIKit.framework */ = {isa = PBXFileReference; lastKnownFileType = wrapper.framework; name = UIKit.framework; path = System/Library/Frameworks/UIKit.framework; sourceTree = SDKROOT; };
		A64BE67218CBBB2E008414C8 /* Matchismo-Info.plist */ = {isa = PBXFileReference; lastKnownFileType = text.plist.xml; path = "Matchismo-Info.plist"; sourceTree = "<group>"; };
		A64BE67418CBBB2E008414C8 /* en */ = {isa = PBXFileReference; lastKnownFileType = text.plist.strings; name = en; path = en.lproj/InfoPlist.strings; sourceTree = "<group>"; };
		A64BE67618CBBB2E008414C8 /* main.m */ = {isa = PBXFileReference; lastKnownFileType = sourcecode.c.objc; path = main.m; sourceTree = "<group>"; };
		A64BE67818CBBB2E008414C8 /* Matchismo-Prefix.pch */ = {isa = PBXFileReference; lastKnownFileType = sourcecode.c.h; path = "Matchismo-Prefix.pch"; sourceTree = "<group>"; };
		A64BE67D18CBBB2E008414C8 /* Base */ = {isa = PBXFileReference; lastKnownFileType = file.storyboard; name = Base; path = Base.lproj/Main.storyboard; sourceTree = "<group>"; };
		A64BE67F18CBBB2E008414C8 /* CardGameViewController.h */ = {isa = PBXFileReference; lastKnownFileType = sourcecode.c.h; path = CardGameViewController.h; sourceTree = "<group>"; };
		A64BE68018CBBB2E008414C8 /* CardGameViewController.m */ = {isa = PBXFileReference; lastKnownFileType = sourcecode.c.objc; path = CardGameViewController.m; sourceTree = "<group>"; };
		A64BE68218CBBB2E008414C8 /* Images.xcassets */ = {isa = PBXFileReference; lastKnownFileType = folder.assetcatalog; path = Images.xcassets; sourceTree = "<group>"; };
		A64BE68818CBBB2E008414C8 /* MatchismoTests.xctest */ = {isa = PBXFileReference; explicitFileType = wrapper.cfbundle; includeInIndex = 0; path = MatchismoTests.xctest; sourceTree = BUILT_PRODUCTS_DIR; };
		A64BE68918CBBB2E008414C8 /* XCTest.framework */ = {isa = PBXFileReference; lastKnownFileType = wrapper.framework; name = XCTest.framework; path = Library/Frameworks/XCTest.framework; sourceTree = DEVELOPER_DIR; };
		A64BE69118CBBB2E008414C8 /* MatchismoTests-Info.plist */ = {isa = PBXFileReference; lastKnownFileType = text.plist.xml; path = "MatchismoTests-Info.plist"; sourceTree = "<group>"; };
		A64BE69318CBBB2E008414C8 /* en */ = {isa = PBXFileReference; lastKnownFileType = text.plist.strings; name = en; path = en.lproj/InfoPlist.strings; sourceTree = "<group>"; };
		A64BE69518CBBB2E008414C8 /* MatchismoTests.m */ = {isa = PBXFileReference; lastKnownFileType = sourcecode.c.objc; path = MatchismoTests.m; sourceTree = "<group>"; };
		A64BE6A218CC0224008414C8 /* Deck.h */ = {isa = PBXFileReference; fileEncoding = 4; lastKnownFileType = sourcecode.c.h; name = Deck.h; path = Matchismo/Deck.h; sourceTree = SOURCE_ROOT; };
		A64BE6A318CC0224008414C8 /* Deck.m */ = {isa = PBXFileReference; fileEncoding = 4; lastKnownFileType = sourcecode.c.objc; path = Deck.m; sourceTree = "<group>"; };
		A64BE6A518CC02FF008414C8 /* PlayingCardDeck.h */ = {isa = PBXFileReference; fileEncoding = 4; lastKnownFileType = sourcecode.c.h; path = PlayingCardDeck.h; sourceTree = "<group>"; };
		A64BE6A618CC02FF008414C8 /* PlayingCardDeck.m */ = {isa = PBXFileReference; fileEncoding = 4; lastKnownFileType = sourcecode.c.objc; path = PlayingCardDeck.m; sourceTree = "<group>"; };
		A64BE6A818CC0341008414C8 /* Card.h */ = {isa = PBXFileReference; fileEncoding = 4; lastKnownFileType = sourcecode.c.h; path = Card.h; sourceTree = "<group>"; };
		A64BE6A918CC0341008414C8 /* Card.m */ = {isa = PBXFileReference; fileEncoding = 4; lastKnownFileType = sourcecode.c.objc; path = Card.m; sourceTree = "<group>"; };
		A64BE6AD18CC0B4F008414C8 /* PlayingCard.h */ = {isa = PBXFileReference; fileEncoding = 4; lastKnownFileType = sourcecode.c.h; path = PlayingCard.h; sourceTree = "<group>"; };
		A64BE6AE18CC0B4F008414C8 /* PlayingCard.m */ = {isa = PBXFileReference; fileEncoding = 4; lastKnownFileType = sourcecode.c.objc; path = PlayingCard.m; sourceTree = "<group>"; };
/* End PBXFileReference section */

/* Begin PBXFrameworksBuildPhase section */
		A64BE66418CBBB2E008414C8 /* Frameworks */ = {
			isa = PBXFrameworksBuildPhase;
			buildActionMask = 2147483647;
			files = (
				A64BE66D18CBBB2E008414C8 /* CoreGraphics.framework in Frameworks */,
				A64BE66F18CBBB2E008414C8 /* UIKit.framework in Frameworks */,
				A64BE66B18CBBB2E008414C8 /* Foundation.framework in Frameworks */,
			);
			runOnlyForDeploymentPostprocessing = 0;
		};
		A64BE68518CBBB2E008414C8 /* Frameworks */ = {
			isa = PBXFrameworksBuildPhase;
			buildActionMask = 2147483647;
			files = (
				A64BE68A18CBBB2E008414C8 /* XCTest.framework in Frameworks */,
				A64BE68C18CBBB2E008414C8 /* UIKit.framework in Frameworks */,
				A64BE68B18CBBB2E008414C8 /* Foundation.framework in Frameworks */,
			);
			runOnlyForDeploymentPostprocessing = 0;
		};
/* End PBXFrameworksBuildPhase section */

/* Begin PBXGroup section */
		A64BE65E18CBBB2E008414C8 = {
			isa = PBXGroup;
			children = (
				A64BE67018CBBB2E008414C8 /* Matchismo */,
				A64BE68F18CBBB2E008414C8 /* MatchismoTests */,
				A64BE66918CBBB2E008414C8 /* Frameworks */,
				A64BE66818CBBB2E008414C8 /* Products */,
			);
			sourceTree = "<group>";
		};
		A64BE66818CBBB2E008414C8 /* Products */ = {
			isa = PBXGroup;
			children = (
				A64BE66718CBBB2E008414C8 /* Matchismo.app */,
				A64BE68818CBBB2E008414C8 /* MatchismoTests.xctest */,
			);
			name = Products;
			sourceTree = "<group>";
		};
		A64BE66918CBBB2E008414C8 /* Frameworks */ = {
			isa = PBXGroup;
			children = (
				A64BE66A18CBBB2E008414C8 /* Foundation.framework */,
				A64BE66C18CBBB2E008414C8 /* CoreGraphics.framework */,
				A64BE66E18CBBB2E008414C8 /* UIKit.framework */,
				A64BE68918CBBB2E008414C8 /* XCTest.framework */,
			);
			name = Frameworks;
			sourceTree = "<group>";
		};
		A64BE67018CBBB2E008414C8 /* Matchismo */ = {
			isa = PBXGroup;
			children = (
				A64BE67F18CBBB2E008414C8 /* CardGameViewController.h */,
				A64BE68018CBBB2E008414C8 /* CardGameViewController.m */,
				A64BE68218CBBB2E008414C8 /* Images.xcassets */,
				A64BE67C18CBBB2E008414C8 /* Main.storyboard */,
				A64BE6AC18CC05A8008414C8 /* Model */,
				A64BE67118CBBB2E008414C8 /* Supporting Files */,
			);
			path = Matchismo;
			sourceTree = "<group>";
		};
		A64BE67118CBBB2E008414C8 /* Supporting Files */ = {
			isa = PBXGroup;
			children = (
				A64BE67218CBBB2E008414C8 /* Matchismo-Info.plist */,
				A64BE67318CBBB2E008414C8 /* InfoPlist.strings */,
				A64BE67618CBBB2E008414C8 /* main.m */,
				A64BE67818CBBB2E008414C8 /* Matchismo-Prefix.pch */,
			);
			name = "Supporting Files";
			sourceTree = "<group>";
		};
		A64BE68F18CBBB2E008414C8 /* MatchismoTests */ = {
			isa = PBXGroup;
			children = (
				A64BE69518CBBB2E008414C8 /* MatchismoTests.m */,
				A64BE69018CBBB2E008414C8 /* Supporting Files */,
			);
			path = MatchismoTests;
			sourceTree = "<group>";
		};
		A64BE69018CBBB2E008414C8 /* Supporting Files */ = {
			isa = PBXGroup;
			children = (
				A64BE69118CBBB2E008414C8 /* MatchismoTests-Info.plist */,
				A64BE69218CBBB2E008414C8 /* InfoPlist.strings */,
			);
			name = "Supporting Files";
			sourceTree = "<group>";
		};
		A64BE6AC18CC05A8008414C8 /* Model */ = {
			isa = PBXGroup;
			children = (
				A64BE6A218CC0224008414C8 /* Deck.h */,
				A64BE6A318CC0224008414C8 /* Deck.m */,
				A64BE6A518CC02FF008414C8 /* PlayingCardDeck.h */,
				A64BE6A618CC02FF008414C8 /* PlayingCardDeck.m */,
				A64BE6A818CC0341008414C8 /* Card.h */,
				A64BE6A918CC0341008414C8 /* Card.m */,
				A64BE6AD18CC0B4F008414C8 /* PlayingCard.h */,
				A64BE6AE18CC0B4F008414C8 /* PlayingCard.m */,
			);
			name = Model;
			sourceTree = "<group>";
		};
/* End PBXGroup section */

/* Begin PBXNativeTarget section */
		A64BE66618CBBB2E008414C8 /* Matchismo */ = {
			isa = PBXNativeTarget;
			buildConfigurationList = A64BE69918CBBB2F008414C8 /* Build configuration list for PBXNativeTarget "Matchismo" */;
			buildPhases = (
				A64BE66318CBBB2E008414C8 /* Sources */,
				A64BE66418CBBB2E008414C8 /* Frameworks */,
				A64BE66518CBBB2E008414C8 /* Resources */,
			);
			buildRules = (
			);
			dependencies = (
			);
			name = Matchismo;
			productName = Matchismo;
			productReference = A64BE66718CBBB2E008414C8 /* Matchismo.app */;
			productType = "com.apple.product-type.application";
		};
		A64BE68718CBBB2E008414C8 /* MatchismoTests */ = {
			isa = PBXNativeTarget;
			buildConfigurationList = A64BE69C18CBBB2F008414C8 /* Build configuration list for PBXNativeTarget "MatchismoTests" */;
			buildPhases = (
				A64BE68418CBBB2E008414C8 /* Sources */,
				A64BE68518CBBB2E008414C8 /* Frameworks */,
				A64BE68618CBBB2E008414C8 /* Resources */,
			);
			buildRules = (
			);
			dependencies = (
				A64BE68E18CBBB2E008414C8 /* PBXTargetDependency */,
			);
			name = MatchismoTests;
			productName = MatchismoTests;
			productReference = A64BE68818CBBB2E008414C8 /* MatchismoTests.xctest */;
			productType = "com.apple.product-type.bundle.unit-test";
		};
/* End PBXNativeTarget section */

/* Begin PBXProject section */
		A64BE65F18CBBB2E008414C8 /* Project object */ = {
			isa = PBXProject;
			attributes = {
				CLASSPREFIX = CardGame;
				LastUpgradeCheck = 0500;
				ORGANIZATIONNAME = "Philippe Targino";
				TargetAttributes = {
					A64BE68718CBBB2E008414C8 = {
						TestTargetID = A64BE66618CBBB2E008414C8;
					};
				};
			};
			buildConfigurationList = A64BE66218CBBB2E008414C8 /* Build configuration list for PBXProject "Matchismo" */;
			compatibilityVersion = "Xcode 3.2";
			developmentRegion = English;
			hasScannedForEncodings = 0;
			knownRegions = (
				en,
				Base,
			);
			mainGroup = A64BE65E18CBBB2E008414C8;
			productRefGroup = A64BE66818CBBB2E008414C8 /* Products */;
			projectDirPath = "";
			projectRoot = "";
			targets = (
				A64BE66618CBBB2E008414C8 /* Matchismo */,
				A64BE68718CBBB2E008414C8 /* MatchismoTests */,
			);
		};
/* End PBXProject section */

/* Begin PBXResourcesBuildPhase section */
		A64BE66518CBBB2E008414C8 /* Resources */ = {
			isa = PBXResourcesBuildPhase;
			buildActionMask = 2147483647;
			files = (
				A64BE68318CBBB2E008414C8 /* Images.xcassets in Resources */,
				A64BE67518CBBB2E008414C8 /* InfoPlist.strings in Resources */,
				A64BE67E18CBBB2E008414C8 /* Main.storyboard in Resources */,
			);
			runOnlyForDeploymentPostprocessing = 0;
		};
		A64BE68618CBBB2E008414C8 /* Resources */ = {
			isa = PBXResourcesBuildPhase;
			buildActionMask = 2147483647;
			files = (
				A64BE69418CBBB2E008414C8 /* InfoPlist.strings in Resources */,
			);
			runOnlyForDeploymentPostprocessing = 0;
		};
/* End PBXResourcesBuildPhase section */

/* Begin PBXSourcesBuildPhase section */
		A64BE66318CBBB2E008414C8 /* Sources */ = {
			isa = PBXSourcesBuildPhase;
			buildActionMask = 2147483647;
			files = (
				A64BE6AF18CC0B4F008414C8 /* PlayingCard.m in Sources */,
				A64BE6A718CC02FF008414C8 /* PlayingCardDeck.m in Sources */,
				A64BE6A418CC0224008414C8 /* Deck.m in Sources */,
				A64BE68118CBBB2E008414C8 /* CardGameViewController.m in Sources */,
				A64BE67718CBBB2E008414C8 /* main.m in Sources */,
				A64BE6AA18CC0341008414C8 /* Card.m in Sources */,
			);
			runOnlyForDeploymentPostprocessing = 0;
		};
		A64BE68418CBBB2E008414C8 /* Sources */ = {
			isa = PBXSourcesBuildPhase;
			buildActionMask = 2147483647;
			files = (
				A64BE69618CBBB2E008414C8 /* MatchismoTests.m in Sources */,
			);
			runOnlyForDeploymentPostprocessing = 0;
		};
/* End PBXSourcesBuildPhase section */

/* Begin PBXTargetDependency section */
		A64BE68E18CBBB2E008414C8 /* PBXTargetDependency */ = {
			isa = PBXTargetDependency;
			target = A64BE66618CBBB2E008414C8 /* Matchismo */;
			targetProxy = A64BE68D18CBBB2E008414C8 /* PBXContainerItemProxy */;
		};
/* End PBXTargetDependency section */

/* Begin PBXVariantGroup section */
		A64BE67318CBBB2E008414C8 /* InfoPlist.strings */ = {
			isa = PBXVariantGroup;
			children = (
				A64BE67418CBBB2E008414C8 /* en */,
			);
			name = InfoPlist.strings;
			sourceTree = "<group>";
		};
		A64BE67C18CBBB2E008414C8 /* Main.storyboard */ = {
			isa = PBXVariantGroup;
			children = (
				A64BE67D18CBBB2E008414C8 /* Base */,
			);
			name = Main.storyboard;
			sourceTree = "<group>";
		};
		A64BE69218CBBB2E008414C8 /* InfoPlist.strings */ = {
			isa = PBXVariantGroup;
			children = (
				A64BE69318CBBB2E008414C8 /* en */,
			);
			name = InfoPlist.strings;
			sourceTree = "<group>";
		};
/* End PBXVariantGroup section */

/* Begin XCBuildConfiguration section */
		A64BE69718CBBB2F008414C8 /* Debug */ = {
			isa = XCBuildConfiguration;
			buildSettings = {
				ALWAYS_SEARCH_USER_PATHS = NO;
				ARCHS = "$(ARCHS_STANDARD_INCLUDING_64_BIT)";
				CLANG_CXX_LANGUAGE_STANDARD = "gnu++0x";
				CLANG_CXX_LIBRARY = "libc++";
				CLANG_ENABLE_MODULES = YES;
				CLANG_ENABLE_OBJC_ARC = YES;
				CLANG_WARN_BOOL_CONVERSION = YES;
				CLANG_WARN_CONSTANT_CONVERSION = YES;
				CLANG_WARN_DIRECT_OBJC_ISA_USAGE = YES_ERROR;
				CLANG_WARN_EMPTY_BODY = YES;
				CLANG_WARN_ENUM_CONVERSION = YES;
				CLANG_WARN_INT_CONVERSION = YES;
				CLANG_WARN_OBJC_ROOT_CLASS = YES_ERROR;
				CLANG_WARN__DUPLICATE_METHOD_MATCH = YES;
				"CODE_SIGN_IDENTITY[sdk=iphoneos*]" = "iPhone Developer";
				COPY_PHASE_STRIP = NO;
				GCC_C_LANGUAGE_STANDARD = gnu99;
				GCC_DYNAMIC_NO_PIC = NO;
				GCC_OPTIMIZATION_LEVEL = 0;
				GCC_PREPROCESSOR_DEFINITIONS = (
					"DEBUG=1",
					"$(inherited)",
				);
				GCC_SYMBOLS_PRIVATE_EXTERN = NO;
				GCC_WARN_64_TO_32_BIT_CONVERSION = YES;
				GCC_WARN_ABOUT_RETURN_TYPE = YES_ERROR;
				GCC_WARN_UNDECLARED_SELECTOR = YES;
				GCC_WARN_UNINITIALIZED_AUTOS = YES;
				GCC_WARN_UNUSED_FUNCTION = YES;
				GCC_WARN_UNUSED_VARIABLE = YES;
				IPHONEOS_DEPLOYMENT_TARGET = 7.0;
				ONLY_ACTIVE_ARCH = YES;
				SDKROOT = iphoneos;
			};
			name = Debug;
		};
		A64BE69818CBBB2F008414C8 /* Release */ = {
			isa = XCBuildConfiguration;
			buildSettings = {
				ALWAYS_SEARCH_USER_PATHS = NO;
				ARCHS = "$(ARCHS_STANDARD_INCLUDING_64_BIT)";
				CLANG_CXX_LANGUAGE_STANDARD = "gnu++0x";
				CLANG_CXX_LIBRARY = "libc++";
				CLANG_ENABLE_MODULES = YES;
				CLANG_ENABLE_OBJC_ARC = YES;
				CLANG_WARN_BOOL_CONVERSION = YES;
				CLANG_WARN_CONSTANT_CONVERSION = YES;
				CLANG_WARN_DIRECT_OBJC_ISA_USAGE = YES_ERROR;
				CLANG_WARN_EMPTY_BODY = YES;
				CLANG_WARN_ENUM_CONVERSION = YES;
				CLANG_WARN_INT_CONVERSION = YES;
				CLANG_WARN_OBJC_ROOT_CLASS = YES_ERROR;
				CLANG_WARN__DUPLICATE_METHOD_MATCH = YES;
				"CODE_SIGN_IDENTITY[sdk=iphoneos*]" = "iPhone Developer";
				COPY_PHASE_STRIP = YES;
				ENABLE_NS_ASSERTIONS = NO;
				GCC_C_LANGUAGE_STANDARD = gnu99;
				GCC_WARN_64_TO_32_BIT_CONVERSION = YES;
				GCC_WARN_ABOUT_RETURN_TYPE = YES_ERROR;
				GCC_WARN_UNDECLARED_SELECTOR = YES;
				GCC_WARN_UNINITIALIZED_AUTOS = YES;
				GCC_WARN_UNUSED_FUNCTION = YES;
				GCC_WARN_UNUSED_VARIABLE = YES;
				IPHONEOS_DEPLOYMENT_TARGET = 7.0;
				SDKROOT = iphoneos;
				VALIDATE_PRODUCT = YES;
			};
			name = Release;
		};
		A64BE69A18CBBB2F008414C8 /* Debug */ = {
			isa = XCBuildConfiguration;
			buildSettings = {
				ASSETCATALOG_COMPILER_APPICON_NAME = AppIcon;
				ASSETCATALOG_COMPILER_LAUNCHIMAGE_NAME = LaunchImage;
				GCC_PRECOMPILE_PREFIX_HEADER = YES;
				GCC_PREFIX_HEADER = "Matchismo/Matchismo-Prefix.pch";
				INFOPLIST_FILE = "Matchismo/Matchismo-Info.plist";
				PRODUCT_NAME = "$(TARGET_NAME)";
				WRAPPER_EXTENSION = app;
			};
			name = Debug;
		};
		A64BE69B18CBBB2F008414C8 /* Release */ = {
			isa = XCBuildConfiguration;
			buildSettings = {
				ASSETCATALOG_COMPILER_APPICON_NAME = AppIcon;
				ASSETCATALOG_COMPILER_LAUNCHIMAGE_NAME = LaunchImage;
				GCC_PRECOMPILE_PREFIX_HEADER = YES;
				GCC_PREFIX_HEADER = "Matchismo/Matchismo-Prefix.pch";
				INFOPLIST_FILE = "Matchismo/Matchismo-Info.plist";
				PRODUCT_NAME = "$(TARGET_NAME)";
				WRAPPER_EXTENSION = app;
			};
			name = Release;
		};
		A64BE69D18CBBB2F008414C8 /* Debug */ = {
			isa = XCBuildConfiguration;
			buildSettings = {
				ARCHS = "$(ARCHS_STANDARD_INCLUDING_64_BIT)";
				BUNDLE_LOADER = "$(BUILT_PRODUCTS_DIR)/Matchismo.app/Matchismo";
				FRAMEWORK_SEARCH_PATHS = (
					"$(SDKROOT)/Developer/Library/Frameworks",
					"$(inherited)",
					"$(DEVELOPER_FRAMEWORKS_DIR)",
				);
				GCC_PRECOMPILE_PREFIX_HEADER = YES;
				GCC_PREFIX_HEADER = "Matchismo/Matchismo-Prefix.pch";
				GCC_PREPROCESSOR_DEFINITIONS = (
					"DEBUG=1",
					"$(inherited)",
				);
				INFOPLIST_FILE = "MatchismoTests/MatchismoTests-Info.plist";
				PRODUCT_NAME = "$(TARGET_NAME)";
				TEST_HOST = "$(BUNDLE_LOADER)";
				WRAPPER_EXTENSION = xctest;
			};
			name = Debug;
		};
		A64BE69E18CBBB2F008414C8 /* Release */ = {
			isa = XCBuildConfiguration;
			buildSettings = {
				ARCHS = "$(ARCHS_STANDARD_INCLUDING_64_BIT)";
				BUNDLE_LOADER = "$(BUILT_PRODUCTS_DIR)/Matchismo.app/Matchismo";
				FRAMEWORK_SEARCH_PATHS = (
					"$(SDKROOT)/Developer/Library/Frameworks",
					"$(inherited)",
					"$(DEVELOPER_FRAMEWORKS_DIR)",
				);
				GCC_PRECOMPILE_PREFIX_HEADER = YES;
				GCC_PREFIX_HEADER = "Matchismo/Matchismo-Prefix.pch";
				INFOPLIST_FILE = "MatchismoTests/MatchismoTests-Info.plist";
				PRODUCT_NAME = "$(TARGET_NAME)";
				TEST_HOST = "$(BUNDLE_LOADER)";
				WRAPPER_EXTENSION = xctest;
			};
			name = Release;
		};
/* End XCBuildConfiguration section */

/* Begin XCConfigurationList section */
		A64BE66218CBBB2E008414C8 /* Build configuration list for PBXProject "Matchismo" */ = {
			isa = XCConfigurationList;
			buildConfigurations = (
				A64BE69718CBBB2F008414C8 /* Debug */,
				A64BE69818CBBB2F008414C8 /* Release */,
			);
			defaultConfigurationIsVisible = 0;
			defaultConfigurationName = Release;
		};
		A64BE69918CBBB2F008414C8 /* Build configuration list for PBXNativeTarget "Matchismo" */ = {
			isa = XCConfigurationList;
			buildConfigurations = (
				A64BE69A18CBBB2F008414C8 /* Debug */,
				A64BE69B18CBBB2F008414C8 /* Release */,
			);
			defaultConfigurationIsVisible = 0;
		};
		A64BE69C18CBBB2F008414C8 /* Build configuration list for PBXNativeTarget "MatchismoTests" */ = {
			isa = XCConfigurationList;
			buildConfigurations = (
				A64BE69D18CBBB2F008414C8 /* Debug */,
				A64BE69E18CBBB2F008414C8 /* Release */,
			);
			defaultConfigurationIsVisible = 0;
		};
/* End XCConfigurationList section */
	};
	rootObject = A64BE65F18CBBB2E008414C8 /* Project object */;
}
